// !$*UTF8*$!
{
	archiveVersion = 1;
	classes = {
	};
	objectVersion = 77;
	objects = {

/* Begin PBXBuildFile section */
		DC3600922EA2D268002AE48A /* HotSwiftUI in Frameworks */ = {isa = PBXBuildFile; productRef = DC3600912EA2D268002AE48A /* HotSwiftUI */; };
		DCC4F40C2F3C08A300B4CF49 /* WidgetKit.framework in Frameworks */ = {isa = PBXBuildFile; fileRef = DCC4F40B2F3C08A300B4CF49 /* WidgetKit.framework */; };
		DCC4F40E2F3C08A300B4CF49 /* SwiftUI.framework in Frameworks */ = {isa = PBXBuildFile; fileRef = DCC4F40D2F3C08A300B4CF49 /* SwiftUI.framework */; };
		DCC4F41D2F3C08A400B4CF49 /* SpaderWidgetExtension.appex in Embed Foundation Extensions */ = {isa = PBXBuildFile; fileRef = DCC4F4092F3C08A300B4CF49 /* SpaderWidgetExtension.appex */; settings = {ATTRIBUTES = (RemoveHeadersOnCopy, ); }; };
/* End PBXBuildFile section */

/* Begin PBXContainerItemProxy section */
		DCC4F41B2F3C08A400B4CF49 /* PBXContainerItemProxy */ = {
			isa = PBXContainerItemProxy;
			containerPortal = DC36005F2EA2CBDD002AE48A /* Project object */;
			proxyType = 1;
			remoteGlobalIDString = DCC4F4082F3C08A300B4CF49;
			remoteInfo = SpaderWidgetExtension;
		};
/* End PBXContainerItemProxy section */

/* Begin PBXCopyFilesBuildPhase section */
		DCC4F41E2F3C08A400B4CF49 /* Embed Foundation Extensions */ = {
			isa = PBXCopyFilesBuildPhase;
			buildActionMask = 2147483647;
			dstPath = "";
			dstSubfolderSpec = 13;
			files = (
				DCC4F41D2F3C08A400B4CF49 /* SpaderWidgetExtension.appex in Embed Foundation Extensions */,
			);
			name = "Embed Foundation Extensions";
			runOnlyForDeploymentPostprocessing = 0;
		};
/* End PBXCopyFilesBuildPhase section */

/* Begin PBXFileReference section */
		DC3600672EA2CBDD002AE48A /* Spader.app */ = {isa = PBXFileReference; explicitFileType = wrapper.application; includeInIndex = 0; path = Spader.app; sourceTree = BUILT_PRODUCTS_DIR; };
		DCC4F4092F3C08A300B4CF49 /* SpaderWidgetExtension.appex */ = {isa = PBXFileReference; explicitFileType = "wrapper.app-extension"; includeInIndex = 0; path = SpaderWidgetExtension.appex; sourceTree = BUILT_PRODUCTS_DIR; };
		DCC4F40B2F3C08A300B4CF49 /* WidgetKit.framework */ = {isa = PBXFileReference; lastKnownFileType = wrapper.framework; name = WidgetKit.framework; path = System/Library/Frameworks/WidgetKit.framework; sourceTree = SDKROOT; };
		DCC4F40D2F3C08A300B4CF49 /* SwiftUI.framework */ = {isa = PBXFileReference; lastKnownFileType = wrapper.framework; name = SwiftUI.framework; path = System/Library/Frameworks/SwiftUI.framework; sourceTree = SDKROOT; };
		DCC4F4232F3C096B00B4CF49 /* SpaderWidgetExtension.entitlements */ = {isa = PBXFileReference; lastKnownFileType = text.plist.entitlements; path = SpaderWidgetExtension.entitlements; sourceTree = "<group>"; };
/* End PBXFileReference section */

/* Begin PBXFileSystemSynchronizedBuildFileExceptionSet section */
		DCC4F4212F3C08A400B4CF49 /* Exceptions for "SpaderWidget" folder in "SpaderWidgetExtension" target */ = {
			isa = PBXFileSystemSynchronizedBuildFileExceptionSet;
			membershipExceptions = (
				Info.plist,
			);
			target = DCC4F4082F3C08A300B4CF49 /* SpaderWidgetExtension */;
		};
		DCC4F43A2F3C0D6600B4CF49 /* Exceptions for "spader" folder in "SpaderWidgetExtension" target */ = {
			isa = PBXFileSystemSynchronizedBuildFileExceptionSet;
			membershipExceptions = (
				Core/Extensions/Color.swift,
				Core/Models/JadwalKuliah.swift,
				Widget/SpaderWidget.swift,
				Widget/SpaderWidgetBundle.swift,
			);
			target = DCC4F4082F3C08A300B4CF49 /* SpaderWidgetExtension */;
		};
		DCC4F4412F3C119600B4CF49 /* Exceptions for "spader" folder in "spader" target */ = {
			isa = PBXFileSystemSynchronizedBuildFileExceptionSet;
			membershipExceptions = (
				Widget/SpaderWidget.swift,
				Widget/SpaderWidgetBundle.swift,
			);
			target = DC3600662EA2CBDD002AE48A /* spader */;
		};
/* End PBXFileSystemSynchronizedBuildFileExceptionSet section */

/* Begin PBXFileSystemSynchronizedRootGroup section */
		DC3600692EA2CBDD002AE48A /* spader */ = {
			isa = PBXFileSystemSynchronizedRootGroup;
			exceptions = (
				DCC4F4412F3C119600B4CF49 /* Exceptions for "spader" folder in "spader" target */,
				DCC4F43A2F3C0D6600B4CF49 /* Exceptions for "spader" folder in "SpaderWidgetExtension" target */,
			);
			path = spader;
			sourceTree = "<group>";
		};
		DCC4F40F2F3C08A300B4CF49 /* SpaderWidget */ = {
			isa = PBXFileSystemSynchronizedRootGroup;
			exceptions = (
				DCC4F4212F3C08A400B4CF49 /* Exceptions for "SpaderWidget" folder in "SpaderWidgetExtension" target */,
			);
			path = SpaderWidget;
			sourceTree = "<group>";
		};
/* End PBXFileSystemSynchronizedRootGroup section */

/* Begin PBXFrameworksBuildPhase section */
		DC3600642EA2CBDD002AE48A /* Frameworks */ = {
			isa = PBXFrameworksBuildPhase;
			buildActionMask = 2147483647;
			files = (
				DC3600922EA2D268002AE48A /* HotSwiftUI in Frameworks */,
			);
			runOnlyForDeploymentPostprocessing = 0;
		};
		DCC4F4062F3C08A300B4CF49 /* Frameworks */ = {
			isa = PBXFrameworksBuildPhase;
			buildActionMask = 2147483647;
			files = (
				DCC4F40E2F3C08A300B4CF49 /* SwiftUI.framework in Frameworks */,
				DCC4F40C2F3C08A300B4CF49 /* WidgetKit.framework in Frameworks */,
			);
			runOnlyForDeploymentPostprocessing = 0;
		};
/* End PBXFrameworksBuildPhase section */

/* Begin PBXGroup section */
		DC36005E2EA2CBDD002AE48A = {
			isa = PBXGroup;
			children = (
				DCC4F4232F3C096B00B4CF49 /* SpaderWidgetExtension.entitlements */,
				DC3600692EA2CBDD002AE48A /* spader */,
				DCC4F40F2F3C08A300B4CF49 /* SpaderWidget */,
				DCC4F40A2F3C08A300B4CF49 /* Frameworks */,
				DC3600682EA2CBDD002AE48A /* Products */,
			);
			sourceTree = "<group>";
		};
		DC3600682EA2CBDD002AE48A /* Products */ = {
			isa = PBXGroup;
			children = (
				DC3600672EA2CBDD002AE48A /* Spader.app */,
				DCC4F4092F3C08A300B4CF49 /* SpaderWidgetExtension.appex */,
			);
			name = Products;
			sourceTree = "<group>";
		};
		DCC4F40A2F3C08A300B4CF49 /* Frameworks */ = {
			isa = PBXGroup;
			children = (
				DCC4F40B2F3C08A300B4CF49 /* WidgetKit.framework */,
				DCC4F40D2F3C08A300B4CF49 /* SwiftUI.framework */,
			);
			name = Frameworks;
			sourceTree = "<group>";
		};
/* End PBXGroup section */

/* Begin PBXNativeTarget section */
		DC3600662EA2CBDD002AE48A /* spader */ = {
			isa = PBXNativeTarget;
			buildConfigurationList = DC3600722EA2CBDF002AE48A /* Build configuration list for PBXNativeTarget "spader" */;
			buildPhases = (
				DC3600632EA2CBDD002AE48A /* Sources */,
				DC3600642EA2CBDD002AE48A /* Frameworks */,
				DC3600652EA2CBDD002AE48A /* Resources */,
				DCC4F41E2F3C08A400B4CF49 /* Embed Foundation Extensions */,
			);
			buildRules = (
			);
			dependencies = (
				DCC4F41C2F3C08A400B4CF49 /* PBXTargetDependency */,
			);
			fileSystemSynchronizedGroups = (
				DC3600692EA2CBDD002AE48A /* spader */,
			);
			name = spader;
			packageProductDependencies = (
				DC3600912EA2D268002AE48A /* HotSwiftUI */,
			);
			productName = spader;
			productReference = DC3600672EA2CBDD002AE48A /* Spader.app */;
			productType = "com.apple.product-type.application";
		};
		DCC4F4082F3C08A300B4CF49 /* SpaderWidgetExtension */ = {
			isa = PBXNativeTarget;
			buildConfigurationList = DCC4F4222F3C08A400B4CF49 /* Build configuration list for PBXNativeTarget "SpaderWidgetExtension" */;
			buildPhases = (
				DCC4F4052F3C08A300B4CF49 /* Sources */,
				DCC4F4062F3C08A300B4CF49 /* Frameworks */,
				DCC4F4072F3C08A300B4CF49 /* Resources */,
			);
			buildRules = (
			);
			dependencies = (
			);
			fileSystemSynchronizedGroups = (
				DCC4F40F2F3C08A300B4CF49 /* SpaderWidget */,
			);
			name = SpaderWidgetExtension;
			packageProductDependencies = (
			);
			productName = SpaderWidgetExtension;
			productReference = DCC4F4092F3C08A300B4CF49 /* SpaderWidgetExtension.appex */;
			productType = "com.apple.product-type.app-extension";
		};
/* End PBXNativeTarget section */

/* Begin PBXProject section */
		DC36005F2EA2CBDD002AE48A /* Project object */ = {
			isa = PBXProject;
			attributes = {
				BuildIndependentTargetsInParallel = 1;
				LastSwiftUpdateCheck = 2600;
				LastUpgradeCheck = 2600;
				TargetAttributes = {
					DC3600662EA2CBDD002AE48A = {
						CreatedOnToolsVersion = 26.0.1;
					};
					DCC4F4082F3C08A300B4CF49 = {
						CreatedOnToolsVersion = 26.0.1;
					};
				};
			};
			buildConfigurationList = DC3600622EA2CBDD002AE48A /* Build configuration list for PBXProject "spader" */;
			developmentRegion = en;
			hasScannedForEncodings = 0;
			knownRegions = (
				en,
				Base,
			);
			mainGroup = DC36005E2EA2CBDD002AE48A;
			minimizedProjectReferenceProxies = 1;
			packageReferences = (
				DC3600902EA2D268002AE48A /* XCRemoteSwiftPackageReference "HotSwiftUI" */,
			);
			preferredProjectObjectVersion = 77;
			productRefGroup = DC3600682EA2CBDD002AE48A /* Products */;
			projectDirPath = "";
			projectRoot = "";
			targets = (
				DC3600662EA2CBDD002AE48A /* spader */,
				DCC4F4082F3C08A300B4CF49 /* SpaderWidgetExtension */,
			);
		};
/* End PBXProject section */

/* Begin PBXResourcesBuildPhase section */
		DC3600652EA2CBDD002AE48A /* Resources */ = {
			isa = PBXResourcesBuildPhase;
			buildActionMask = 2147483647;
			files = (
			);
			runOnlyForDeploymentPostprocessing = 0;
		};
		DCC4F4072F3C08A300B4CF49 /* Resources */ = {
			isa = PBXResourcesBuildPhase;
			buildActionMask = 2147483647;
			files = (
			);
			runOnlyForDeploymentPostprocessing = 0;
		};
/* End PBXResourcesBuildPhase section */

/* Begin PBXSourcesBuildPhase section */
		DC3600632EA2CBDD002AE48A /* Sources */ = {
			isa = PBXSourcesBuildPhase;
			buildActionMask = 2147483647;
			files = (
			);
			runOnlyForDeploymentPostprocessing = 0;
		};
		DCC4F4052F3C08A300B4CF49 /* Sources */ = {
			isa = PBXSourcesBuildPhase;
			buildActionMask = 2147483647;
			files = (
			);
			runOnlyForDeploymentPostprocessing = 0;
		};
/* End PBXSourcesBuildPhase section */

/* Begin PBXTargetDependency section */
		DCC4F41C2F3C08A400B4CF49 /* PBXTargetDependency */ = {
			isa = PBXTargetDependency;
			target = DCC4F4082F3C08A300B4CF49 /* SpaderWidgetExtension */;
			targetProxy = DCC4F41B2F3C08A400B4CF49 /* PBXContainerItemProxy */;
		};
/* End PBXTargetDependency section */

/* Begin XCBuildConfiguration section */
		DC3600702EA2CBDF002AE48A /* Debug */ = {
			isa = XCBuildConfiguration;
			buildSettings = {
				ALWAYS_SEARCH_USER_PATHS = NO;
				ASSETCATALOG_COMPILER_GENERATE_SWIFT_ASSET_SYMBOL_EXTENSIONS = YES;
				CLANG_ANALYZER_NONNULL = YES;
				CLANG_ANALYZER_NUMBER_OBJECT_CONVERSION = YES_AGGRESSIVE;
				CLANG_CXX_LANGUAGE_STANDARD = "gnu++20";
				CLANG_ENABLE_MODULES = YES;
				CLANG_ENABLE_OBJC_ARC = YES;
				CLANG_ENABLE_OBJC_WEAK = YES;
				CLANG_WARN_BLOCK_CAPTURE_AUTORELEASING = YES;
				CLANG_WARN_BOOL_CONVERSION = YES;
				CLANG_WARN_COMMA = YES;
				CLANG_WARN_CONSTANT_CONVERSION = YES;
				CLANG_WARN_DEPRECATED_OBJC_IMPLEMENTATIONS = YES;
				CLANG_WARN_DIRECT_OBJC_ISA_USAGE = YES_ERROR;
				CLANG_WARN_DOCUMENTATION_COMMENTS = YES;
				CLANG_WARN_EMPTY_BODY = YES;
				CLANG_WARN_ENUM_CONVERSION = YES;
				CLANG_WARN_INFINITE_RECURSION = YES;
				CLANG_WARN_INT_CONVERSION = YES;
				CLANG_WARN_NON_LITERAL_NULL_CONVERSION = YES;
				CLANG_WARN_OBJC_IMPLICIT_RETAIN_SELF = YES;
				CLANG_WARN_OBJC_LITERAL_CONVERSION = YES;
				CLANG_WARN_OBJC_ROOT_CLASS = YES_ERROR;
				CLANG_WARN_QUOTED_INCLUDE_IN_FRAMEWORK_HEADER = YES;
				CLANG_WARN_RANGE_LOOP_ANALYSIS = YES;
				CLANG_WARN_STRICT_PROTOTYPES = YES;
				CLANG_WARN_SUSPICIOUS_MOVE = YES;
				CLANG_WARN_UNGUARDED_AVAILABILITY = YES_AGGRESSIVE;
				CLANG_WARN_UNREACHABLE_CODE = YES;
				CLANG_WARN__DUPLICATE_METHOD_MATCH = YES;
				COPY_PHASE_STRIP = NO;
				DEBUG_INFORMATION_FORMAT = dwarf;
				ENABLE_STRICT_OBJC_MSGSEND = YES;
				ENABLE_TESTABILITY = YES;
				ENABLE_USER_SCRIPT_SANDBOXING = YES;
				GCC_C_LANGUAGE_STANDARD = gnu17;
				GCC_DYNAMIC_NO_PIC = NO;
				GCC_NO_COMMON_BLOCKS = YES;
				GCC_OPTIMIZATION_LEVEL = 0;
				GCC_PREPROCESSOR_DEFINITIONS = (
					"DEBUG=1",
					"$(inherited)",
				);
				GCC_WARN_64_TO_32_BIT_CONVERSION = YES;
				GCC_WARN_ABOUT_RETURN_TYPE = YES_ERROR;
				GCC_WARN_UNDECLARED_SELECTOR = YES;
				GCC_WARN_UNINITIALIZED_AUTOS = YES_AGGRESSIVE;
				GCC_WARN_UNUSED_FUNCTION = YES;
				GCC_WARN_UNUSED_VARIABLE = YES;
				IPHONEOS_DEPLOYMENT_TARGET = 26.0;
				LOCALIZATION_PREFERS_STRING_CATALOGS = YES;
				MTL_ENABLE_DEBUG_INFO = INCLUDE_SOURCE;
				MTL_FAST_MATH = YES;
				ONLY_ACTIVE_ARCH = YES;
				SDKROOT = iphoneos;
				SWIFT_ACTIVE_COMPILATION_CONDITIONS = "DEBUG $(inherited)";
				SWIFT_OPTIMIZATION_LEVEL = "-Onone";
			};
			name = Debug;
		};
		DC3600712EA2CBDF002AE48A /* Release */ = {
			isa = XCBuildConfiguration;
			buildSettings = {
				ALWAYS_SEARCH_USER_PATHS = NO;
				ASSETCATALOG_COMPILER_GENERATE_SWIFT_ASSET_SYMBOL_EXTENSIONS = YES;
				CLANG_ANALYZER_NONNULL = YES;
				CLANG_ANALYZER_NUMBER_OBJECT_CONVERSION = YES_AGGRESSIVE;
				CLANG_CXX_LANGUAGE_STANDARD = "gnu++20";
				CLANG_ENABLE_MODULES = YES;
				CLANG_ENABLE_OBJC_ARC = YES;
				CLANG_ENABLE_OBJC_WEAK = YES;
				CLANG_WARN_BLOCK_CAPTURE_AUTORELEASING = YES;
				CLANG_WARN_BOOL_CONVERSION = YES;
				CLANG_WARN_COMMA = YES;
				CLANG_WARN_CONSTANT_CONVERSION = YES;
				CLANG_WARN_DEPRECATED_OBJC_IMPLEMENTATIONS = YES;
				CLANG_WARN_DIRECT_OBJC_ISA_USAGE = YES_ERROR;
				CLANG_WARN_DOCUMENTATION_COMMENTS = YES;
				CLANG_WARN_EMPTY_BODY = YES;
				CLANG_WARN_ENUM_CONVERSION = YES;
				CLANG_WARN_INFINITE_RECURSION = YES;
				CLANG_WARN_INT_CONVERSION = YES;
				CLANG_WARN_NON_LITERAL_NULL_CONVERSION = YES;
				CLANG_WARN_OBJC_IMPLICIT_RETAIN_SELF = YES;
				CLANG_WARN_OBJC_LITERAL_CONVERSION = YES;
				CLANG_WARN_OBJC_ROOT_CLASS = YES_ERROR;
				CLANG_WARN_QUOTED_INCLUDE_IN_FRAMEWORK_HEADER = YES;
				CLANG_WARN_RANGE_LOOP_ANALYSIS = YES;
				CLANG_WARN_STRICT_PROTOTYPES = YES;
				CLANG_WARN_SUSPICIOUS_MOVE = YES;
				CLANG_WARN_UNGUARDED_AVAILABILITY = YES_AGGRESSIVE;
				CLANG_WARN_UNREACHABLE_CODE = YES;
				CLANG_WARN__DUPLICATE_METHOD_MATCH = YES;
				COPY_PHASE_STRIP = NO;
				DEBUG_INFORMATION_FORMAT = "dwarf-with-dsym";
				ENABLE_NS_ASSERTIONS = NO;
				ENABLE_STRICT_OBJC_MSGSEND = YES;
				ENABLE_USER_SCRIPT_SANDBOXING = YES;
				GCC_C_LANGUAGE_STANDARD = gnu17;
				GCC_NO_COMMON_BLOCKS = YES;
				GCC_WARN_64_TO_32_BIT_CONVERSION = YES;
				GCC_WARN_ABOUT_RETURN_TYPE = YES_ERROR;
				GCC_WARN_UNDECLARED_SELECTOR = YES;
				GCC_WARN_UNINITIALIZED_AUTOS = YES_AGGRESSIVE;
				GCC_WARN_UNUSED_FUNCTION = YES;
				GCC_WARN_UNUSED_VARIABLE = YES;
				IPHONEOS_DEPLOYMENT_TARGET = 26.0;
				LOCALIZATION_PREFERS_STRING_CATALOGS = YES;
				MTL_ENABLE_DEBUG_INFO = NO;
				MTL_FAST_MATH = YES;
				SDKROOT = iphoneos;
				SWIFT_COMPILATION_MODE = wholemodule;
				VALIDATE_PRODUCT = YES;
			};
			name = Release;
		};
		DC3600732EA2CBDF002AE48A /* Debug */ = {
			isa = XCBuildConfiguration;
			buildSettings = {
				ASSETCATALOG_COMPILER_APPICON_NAME = AppIcon;
				ASSETCATALOG_COMPILER_GLOBAL_ACCENT_COLOR_NAME = AccentColor;
				CODE_SIGN_ENTITLEMENTS = spader.entitlements;
				CODE_SIGN_STYLE = Automatic;
				CURRENT_PROJECT_VERSION = 1;
				DEVELOPMENT_TEAM = 24764F59ZW;
				EMIT_FRONTEND_COMMAND_LINES = YES;
				ENABLE_PREVIEWS = YES;
				GENERATE_INFOPLIST_FILE = YES;
				INFOPLIST_KEY_UIApplicationSceneManifest_Generation = YES;
				INFOPLIST_KEY_UIApplicationSupportsIndirectInputEvents = YES;
				INFOPLIST_KEY_UILaunchScreen_Generation = YES;
				INFOPLIST_KEY_UISupportedInterfaceOrientations_iPad = "UIInterfaceOrientationPortrait UIInterfaceOrientationPortraitUpsideDown UIInterfaceOrientationLandscapeLeft UIInterfaceOrientationLandscapeRight";
				INFOPLIST_KEY_UISupportedInterfaceOrientations_iPhone = "UIInterfaceOrientationPortrait UIInterfaceOrientationLandscapeLeft UIInterfaceOrientationLandscapeRight";
				LD_RUNPATH_SEARCH_PATHS = (
					"$(inherited)",
					"@executable_path/Frameworks",
				);
				MARKETING_VERSION = 1.0;
				"OTHER_LDFLAGS[arch=*]" = (
					"-Xlinker",
					"-interposable",
				);
				PRODUCT_BUNDLE_IDENTIFIER = wildanrfq.spader;
				PRODUCT_NAME = Spader;
				STRING_CATALOG_GENERATE_SYMBOLS = YES;
				SWIFT_APPROACHABLE_CONCURRENCY = YES;
				SWIFT_DEFAULT_ACTOR_ISOLATION = MainActor;
				SWIFT_EMIT_LOC_STRINGS = YES;
				SWIFT_UPCOMING_FEATURE_MEMBER_IMPORT_VISIBILITY = YES;
				SWIFT_VERSION = 5.0;
				TARGETED_DEVICE_FAMILY = "1,2";
			};
			name = Debug;
		};
		DC3600742EA2CBDF002AE48A /* Release */ = {
			isa = XCBuildConfiguration;
			buildSettings = {
				ASSETCATALOG_COMPILER_APPICON_NAME = AppIcon;
				ASSETCATALOG_COMPILER_GLOBAL_ACCENT_COLOR_NAME = AccentColor;
				CODE_SIGN_ENTITLEMENTS = spader.entitlements;
				CODE_SIGN_STYLE = Automatic;
				CURRENT_PROJECT_VERSION = 1;
				DEVELOPMENT_TEAM = 24764F59ZW;
				EMIT_FRONTEND_COMMAND_LINES = "";
				ENABLE_PREVIEWS = YES;
				GENERATE_INFOPLIST_FILE = YES;
				INFOPLIST_KEY_UIApplicationSceneManifest_Generation = YES;
				INFOPLIST_KEY_UIApplicationSupportsIndirectInputEvents = YES;
				INFOPLIST_KEY_UILaunchScreen_Generation = YES;
				INFOPLIST_KEY_UISupportedInterfaceOrientations_iPad = "UIInterfaceOrientationPortrait UIInterfaceOrientationPortraitUpsideDown UIInterfaceOrientationLandscapeLeft UIInterfaceOrientationLandscapeRight";
				INFOPLIST_KEY_UISupportedInterfaceOrientations_iPhone = "UIInterfaceOrientationPortrait UIInterfaceOrientationLandscapeLeft UIInterfaceOrientationLandscapeRight";
				LD_RUNPATH_SEARCH_PATHS = (
					"$(inherited)",
					"@executable_path/Frameworks",
				);
				MARKETING_VERSION = 1.0;
				PRODUCT_BUNDLE_IDENTIFIER = wildanrfq.spader;
				PRODUCT_NAME = Spader;
				STRING_CATALOG_GENERATE_SYMBOLS = YES;
				SWIFT_APPROACHABLE_CONCURRENCY = YES;
				SWIFT_DEFAULT_ACTOR_ISOLATION = MainActor;
				SWIFT_EMIT_LOC_STRINGS = YES;
				SWIFT_UPCOMING_FEATURE_MEMBER_IMPORT_VISIBILITY = YES;
				SWIFT_VERSION = 5.0;
				TARGETED_DEVICE_FAMILY = "1,2";
			};
			name = Release;
		};
		DCC4F41F2F3C08A400B4CF49 /* Debug */ = {
			isa = XCBuildConfiguration;
			buildSettings = {
				ASSETCATALOG_COMPILER_GLOBAL_ACCENT_COLOR_NAME = AccentColor;
				ASSETCATALOG_COMPILER_WIDGET_BACKGROUND_COLOR_NAME = WidgetBackground;
				CODE_SIGN_ENTITLEMENTS = SpaderWidgetExtension.entitlements;
				CODE_SIGN_STYLE = Automatic;
				CURRENT_PROJECT_VERSION = 1;
				DEVELOPMENT_TEAM = 24764F59ZW;
				GENERATE_INFOPLIST_FILE = YES;
				INFOPLIST_FILE = SpaderWidget/Info.plist;
				INFOPLIST_KEY_CFBundleDisplayName = SpaderWidget;
				INFOPLIST_KEY_NSHumanReadableCopyright = "";
				LD_RUNPATH_SEARCH_PATHS = (
					"$(inherited)",
					"@executable_path/Frameworks",
					"@executable_path/../../Frameworks",
				);
				MARKETING_VERSION = 1.0;
				PRODUCT_BUNDLE_IDENTIFIER = wildanrfq.spader.SpaderWidget;
				PRODUCT_NAME = "$(TARGET_NAME)";
				SKIP_INSTALL = YES;
				STRING_CATALOG_GENERATE_SYMBOLS = YES;
				SWIFT_APPROACHABLE_CONCURRENCY = YES;
				SWIFT_EMIT_LOC_STRINGS = YES;
				SWIFT_UPCOMING_FEATURE_MEMBER_IMPORT_VISIBILITY = YES;
				SWIFT_VERSION = 5.0;
				TARGETED_DEVICE_FAMILY = "1,2";
			};
			name = Debug;
		};
		DCC4F4202F3C08A400B4CF49 /* Release */ = {
			isa = XCBuildConfiguration;
			buildSettings = {
				ASSETCATALOG_COMPILER_GLOBAL_ACCENT_COLOR_NAME = AccentColor;
				ASSETCATALOG_COMPILER_WIDGET_BACKGROUND_COLOR_NAME = WidgetBackground;
				CODE_SIGN_ENTITLEMENTS = SpaderWidgetExtension.entitlements;
				CODE_SIGN_STYLE = Automatic;
				CURRENT_PROJECT_VERSION = 1;
				DEVELOPMENT_TEAM = 24764F59ZW;
				GENERATE_INFOPLIST_FILE = YES;
				INFOPLIST_FILE = SpaderWidget/Info.plist;
				INFOPLIST_KEY_CFBundleDisplayName = SpaderWidget;
				INFOPLIST_KEY_NSHumanReadableCopyright = "";
				LD_RUNPATH_SEARCH_PATHS = (
					"$(inherited)",
					"@executable_path/Frameworks",
					"@executable_path/../../Frameworks",
				);
				MARKETING_VERSION = 1.0;
				PRODUCT_BUNDLE_IDENTIFIER = wildanrfq.spader.SpaderWidget;
				PRODUCT_NAME = "$(TARGET_NAME)";
				SKIP_INSTALL = YES;
				STRING_CATALOG_GENERATE_SYMBOLS = YES;
				SWIFT_APPROACHABLE_CONCURRENCY = YES;
				SWIFT_EMIT_LOC_STRINGS = YES;
				SWIFT_UPCOMING_FEATURE_MEMBER_IMPORT_VISIBILITY = YES;
				SWIFT_VERSION = 5.0;
				TARGETED_DEVICE_FAMILY = "1,2";
			};
			name = Release;
		};
/* End XCBuildConfiguration section */

/* Begin XCConfigurationList section */
		DC3600622EA2CBDD002AE48A /* Build configuration list for PBXProject "spader" */ = {
			isa = XCConfigurationList;
			buildConfigurations = (
				DC3600702EA2CBDF002AE48A /* Debug */,
				DC3600712EA2CBDF002AE48A /* Release */,
			);
			defaultConfigurationIsVisible = 0;
			defaultConfigurationName = Release;
		};
		DC3600722EA2CBDF002AE48A /* Build configuration list for PBXNativeTarget "spader" */ = {
			isa = XCConfigurationList;
			buildConfigurations = (
				DC3600732EA2CBDF002AE48A /* Debug */,
				DC3600742EA2CBDF002AE48A /* Release */,
			);
			defaultConfigurationIsVisible = 0;
			defaultConfigurationName = Release;
		};
		DCC4F4222F3C08A400B4CF49 /* Build configuration list for PBXNativeTarget "SpaderWidgetExtension" */ = {
			isa = XCConfigurationList;
			buildConfigurations = (
				DCC4F41F2F3C08A400B4CF49 /* Debug */,
				DCC4F4202F3C08A400B4CF49 /* Release */,
			);
			defaultConfigurationIsVisible = 0;
			defaultConfigurationName = Release;
		};
/* End XCConfigurationList section */

/* Begin XCRemoteSwiftPackageReference section */
		DC3600902EA2D268002AE48A /* XCRemoteSwiftPackageReference "HotSwiftUI" */ = {
			isa = XCRemoteSwiftPackageReference;
			repositoryURL = "https://github.com/johnno1962/HotSwiftUI";
			requirement = {
				kind = upToNextMajorVersion;
				minimumVersion = 1.2.4;
			};
		};
/* End XCRemoteSwiftPackageReference section */

/* Begin XCSwiftPackageProductDependency section */
		DC3600912EA2D268002AE48A /* HotSwiftUI */ = {
			isa = XCSwiftPackageProductDependency;
			package = DC3600902EA2D268002AE48A /* XCRemoteSwiftPackageReference "HotSwiftUI" */;
			productName = HotSwiftUI;
		};
/* End XCSwiftPackageProductDependency section */
	};
	rootObject = DC36005F2EA2CBDD002AE48A /* Project object */;
}
